
Microsoft Visual Studio Solution File, Format Version 12.00
# Visual Studio Version 16
VisualStudioVersion = 16.0.31112.23
MinimumVisualStudioVersion = 10.0.40219.1
Project("{FAE04EC0-301F-11D3-BF4B-00C04F79EFBC}") = "QS_DS_Program", "QS_DS_Program\QS_DS_Program.csproj", "{5CD554B6-BD07-432D-B7CD-86DE5A2EE765}"
EndProject
Global
	GlobalSection(SolutionConfigurationPlatforms) = preSolution
		Debug|Any CPU = Debug|Any CPU
		Release|Any CPU = Release|Any CPU
	EndGlobalSection
	GlobalSection(ProjectConfigurationPlatforms) = postSolution
		{5CD554B6-BD07-432D-B7CD-86DE5A2EE765}.Debug|Any CPU.ActiveCfg = Debug|Any CPU
		{5CD554B6-BD07-432D-B7CD-86DE5A2EE765}.Debug|Any CPU.Build.0 = Debug|Any CPU
		{5CD554B6-BD07-432D-B7CD-86DE5A2EE765}.Release|Any CPU.ActiveCfg = Release|Any CPU
		{5CD554B6-BD07-432D-B7CD-86DE5A2EE765}.Release|Any CPU.Build.0 = Release|Any CPU
	EndGlobalSection
	GlobalSection(SolutionProperties) = preSolution
		HideSolutionNode = FALSE
	EndGlobalSection
	GlobalSection(ExtensibilityGlobals) = postSolution
		SolutionGuid = {8E2CEFFA-2CF2-43C3-9943-A7FA3D0EC3A7}
	EndGlobalSection
EndGlobal
